PODS:
  - RxCocoa (4.1.1):
    - RxSwift (~> 4.0)
  - RxSwift (4.1.1)
  - RxTest (4.1.1):
    - RxSwift (~> 4.0)
  - RxTestExt (0.3.2):
    - RxTestExt/Core (= 0.3.2)
    - RxTestExt/Relays (= 0.3.2)
  - RxTestExt/Core (0.3.2):
    - RxTest (~> 4)
  - RxTestExt/Relays (0.3.2):
    - RxCocoa (~> 4)
    - RxTestExt/Core

DEPENDENCIES:
  - RxCocoa (~> 4)
  - RxSwift (~> 4)
  - RxTestExt (from `../`)

EXTERNAL SOURCES:
  RxTestExt:
    :path: ../

SPEC CHECKSUMS:
  RxCocoa: fd0862fd2df95fa55562ad28ffd2522c25eb4a85
  RxSwift: c6e3b1c7b325c7d121cd4327e9d98b7ed746b570
  RxTest: f934010a5b07ecd627cb70b38eb4baf0414591d2
  RxTestExt: e17681de804ea5bcae30ae7f192a08298c932a87

PODFILE CHECKSUM: c70a0b90051f2d77d865b1db10a35351e5e3644d

COCOAPODS: 1.4.0.rc.1
