PODS:
  - RxCocoa (5.0.1):
    - RxRelay (~> 5)
    - RxSwift (~> 5)
  - RxRelay (5.0.1):
    - RxSwift (~> 5)
  - RxSwift (5.0.1)
  - RxTest (5.0.1):
    - RxSwift (~> 5)
  - RxTestExt (0.3.4):
    - RxTestExt/Core (= 0.3.4)
    - RxTestExt/Relays (= 0.3.4)
  - RxTestExt/Core (0.3.4):
    - RxTest (~> 5.0)
  - RxTestExt/Relays (0.3.4):
    - RxRelay (~> 5.0)
    - RxTestExt/Core

DEPENDENCIES:
  - RxCocoa (~> 5.0)
  - RxSwift (~> 5.0)
  - RxTestExt (from `../`)

SPEC REPOS:
  trunk:
    - RxCocoa
    - RxRelay
    - RxSwift
    - RxTest

EXTERNAL SOURCES:
  RxTestExt:
    :path: "../"

SPEC CHECKSUMS:
  RxCocoa: e741b9749968e8a143e2b787f1dfbff2b63d0a5c
  RxRelay: 89d54507f4fd4d969e6ec1d4bd7f3673640b4640
  RxSwift: e2dc62b366a3adf6a0be44ba9f405efd4c94e0c4
  RxTest: 0132f952a61da82d5233abedaa559df91e5330e5
  RxTestExt: e560779e02b5bb90e9f51c88be075c885369dbaa

PODFILE CHECKSUM: 4cd93641e44324b789b544db2a90bbfa1cbcd9de

COCOAPODS: 1.8.4
